<?xml version="1.0" encoding="UTF-8" standalone="yes" ?>
<CodeBlocks_project_file>
	<FileVersion major="1" minor="6" />
	<Project>
		<Option title="HUBG" />
		<Option pch_mode="2" />
		<Option compiler="sdcc" />
		<Build>
			<Target title="Release">
				<Option output="bin/Release/HUBG" prefix_auto="1" extension_auto="1" />
				<Option object_output="obj/Release/" />
				<Option type="1" />
				<Option compiler="sdcc" />
				<Compiler>
					<Add option="--out-fmt-ihx" />
					<Add option="--no-std-crt0" />
					<Add option="-mz80" />
					<Add option="--opt-code-speed" />
					<Add option="--verbose" />
					<Add option="--code-loc 0x180 --data-loc 0x0 --disable-warning 196  --allow-unsafe-read" />
					<Add directory="c:/fusion-c/fusion-c/header" />
				</Compiler>
				<Linker>
					<Add option="C:\fusion-c\fusion-c\include\crt0_msxdos_advanced.rel" />
					<Add library="C:/fusion-c/fusion-c/lib/msx2ansi.lib" />
					<Add library="C:/fusion-c/fusion-c/lib/fusion.lib" />
					<Add library="C:/fusion-c/fusion-c/lib/asm.lib" />
					<Add library="C:/fusion-c/fusion-c/lib/base64.lib" />
				</Linker>
				<ExtraCommands>
					<Add after="cmd /c ren bin\Release\HUBG.exe HUBG.ihx" />
					<Add after="cmd /c c:\fusion-c\hex2bin -e com bin\Release\HUBG.ihx" />
					<Add after="cmd /c copy bin\Release\HUBG.com c:\fusion-c\dsk" />
				</ExtraCommands>
			</Target>
		</Build>
		<Unit filename="src/HUBG.c">
			<Option compilerVar="CC" />
			<Option weight="0" />
		</Unit>
		<Unit filename="src/HUBG.h" />
		<Unit filename="src/HUBGmenus.h" />
		<Unit filename="src/dos.c">
			<Option compilerVar="CC" />
			<Option weight="100" />
		</Unit>
		<Unit filename="src/dos.h" />
		<Unit filename="src/hget.c">
			<Option compilerVar="CC" />
			<Option weight="0" />
		</Unit>
		<Unit filename="src/hget.h" />
		<Unit filename="src/hgetlib.h" />
		<Extensions>
			<code_completion />
			<envvars />
			<debugger />
		</Extensions>
	</Project>
</CodeBlocks_project_file>
